
Microsoft Visual Studio Solution File, Format Version 12.00
# Visual Studio Version 17
VisualStudioVersion = 17.8.34511.84
MinimumVisualStudioVersion = 10.0.40219.1
Project("{FAE04EC0-301F-11D3-BF4B-00C04F79EFBC}") = "ICA07_SanjayK", "ICA07_SanjayK\ICA07_SanjayK.csproj", "{F954439F-93FD-4771-93B0-F14C40EBF669}"
EndProject
Global
	GlobalSection(SolutionConfigurationPlatforms) = preSolution
		Debug|Any CPU = Debug|Any CPU
		Release|Any CPU = Release|Any CPU
	EndGlobalSection
	GlobalSection(ProjectConfigurationPlatforms) = postSolution
		{F954439F-93FD-4771-93B0-F14C40EBF669}.Debug|Any CPU.ActiveCfg = Debug|Any CPU
		{F954439F-93FD-4771-93B0-F14C40EBF669}.Debug|Any CPU.Build.0 = Debug|Any CPU
		{F954439F-93FD-4771-93B0-F14C40EBF669}.Release|Any CPU.ActiveCfg = Release|Any CPU
		{F954439F-93FD-4771-93B0-F14C40EBF669}.Release|Any CPU.Build.0 = Release|Any CPU
	EndGlobalSection
	GlobalSection(SolutionProperties) = preSolution
		HideSolutionNode = FALSE
	EndGlobalSection
	GlobalSection(ExtensibilityGlobals) = postSolution
		SolutionGuid = {62BD6F20-9707-4524-9AB0-F27C202E7BD7}
	EndGlobalSection
EndGlobal
