
Microsoft Visual Studio Solution File, Format Version 12.00
# Visual Studio Version 17
VisualStudioVersion = 17.13.35919.96 d17.13
MinimumVisualStudioVersion = 10.0.40219.1
Project("{FAE04EC0-301F-11D3-BF4B-00C04F79EFBC}") = "ICA17_SanjayK", "ICA17_SanjayK\ICA17_SanjayK.csproj", "{D3A5324A-FF8E-4CD7-AEF6-717F84B092FE}"
EndProject
Global
	GlobalSection(SolutionConfigurationPlatforms) = preSolution
		Debug|Any CPU = Debug|Any CPU
		Release|Any CPU = Release|Any CPU
	EndGlobalSection
	GlobalSection(ProjectConfigurationPlatforms) = postSolution
		{D3A5324A-FF8E-4CD7-AEF6-717F84B092FE}.Debug|Any CPU.ActiveCfg = Debug|Any CPU
		{D3A5324A-FF8E-4CD7-AEF6-717F84B092FE}.Debug|Any CPU.Build.0 = Debug|Any CPU
		{D3A5324A-FF8E-4CD7-AEF6-717F84B092FE}.Release|Any CPU.ActiveCfg = Release|Any CPU
		{D3A5324A-FF8E-4CD7-AEF6-717F84B092FE}.Release|Any CPU.Build.0 = Release|Any CPU
	EndGlobalSection
	GlobalSection(SolutionProperties) = preSolution
		HideSolutionNode = FALSE
	EndGlobalSection
	GlobalSection(ExtensibilityGlobals) = postSolution
		SolutionGuid = {31AAD8A9-3661-42B9-8F5B-999B82E11C0F}
	EndGlobalSection
EndGlobal
