
Microsoft Visual Studio Solution File, Format Version 12.00
# Visual Studio Version 17
VisualStudioVersion = 17.13.35825.156 d17.13
MinimumVisualStudioVersion = 10.0.40219.1
Project("{FAE04EC0-301F-11D3-BF4B-00C04F79EFBC}") = "ICA12_SanjayK", "ICA12_SanjayK\ICA12_SanjayK.csproj", "{B1982653-B5AE-4FAC-926A-9670937C2B8B}"
EndProject
Global
	GlobalSection(SolutionConfigurationPlatforms) = preSolution
		Debug|Any CPU = Debug|Any CPU
		Release|Any CPU = Release|Any CPU
	EndGlobalSection
	GlobalSection(ProjectConfigurationPlatforms) = postSolution
		{B1982653-B5AE-4FAC-926A-9670937C2B8B}.Debug|Any CPU.ActiveCfg = Debug|Any CPU
		{B1982653-B5AE-4FAC-926A-9670937C2B8B}.Debug|Any CPU.Build.0 = Debug|Any CPU
		{B1982653-B5AE-4FAC-926A-9670937C2B8B}.Release|Any CPU.ActiveCfg = Release|Any CPU
		{B1982653-B5AE-4FAC-926A-9670937C2B8B}.Release|Any CPU.Build.0 = Release|Any CPU
	EndGlobalSection
	GlobalSection(SolutionProperties) = preSolution
		HideSolutionNode = FALSE
	EndGlobalSection
	GlobalSection(ExtensibilityGlobals) = postSolution
		SolutionGuid = {FDB51BDE-6A04-4927-8AA1-859F9692D2D6}
	EndGlobalSection
EndGlobal
