
Microsoft Visual Studio Solution File, Format Version 12.00
# Visual Studio Version 17
VisualStudioVersion = 17.8.34511.84
MinimumVisualStudioVersion = 10.0.40219.1
Project("{FAE04EC0-301F-11D3-BF4B-00C04F79EFBC}") = "Lab03_SanjayK", "Lab03_SanjayK\Lab03_SanjayK.csproj", "{6467C06C-6FF5-4EAD-A6E6-515BD8A0418D}"
EndProject
Global
	GlobalSection(SolutionConfigurationPlatforms) = preSolution
		Debug|Any CPU = Debug|Any CPU
		Release|Any CPU = Release|Any CPU
	EndGlobalSection
	GlobalSection(ProjectConfigurationPlatforms) = postSolution
		{6467C06C-6FF5-4EAD-A6E6-515BD8A0418D}.Debug|Any CPU.ActiveCfg = Debug|Any CPU
		{6467C06C-6FF5-4EAD-A6E6-515BD8A0418D}.Debug|Any CPU.Build.0 = Debug|Any CPU
		{6467C06C-6FF5-4EAD-A6E6-515BD8A0418D}.Release|Any CPU.ActiveCfg = Release|Any CPU
		{6467C06C-6FF5-4EAD-A6E6-515BD8A0418D}.Release|Any CPU.Build.0 = Release|Any CPU
	EndGlobalSection
	GlobalSection(SolutionProperties) = preSolution
		HideSolutionNode = FALSE
	EndGlobalSection
	GlobalSection(ExtensibilityGlobals) = postSolution
		SolutionGuid = {42E5B995-41BC-4D36-8CC4-82BBBB4B47E5}
	EndGlobalSection
EndGlobal
