
Microsoft Visual Studio Solution File, Format Version 12.00
# Visual Studio Version 17
VisualStudioVersion = 17.8.34511.84
MinimumVisualStudioVersion = 10.0.40219.1
Project("{FAE04EC0-301F-11D3-BF4B-00C04F79EFBC}") = "ICA05_SanjayK", "ICA05_SanjayK\ICA05_SanjayK.csproj", "{22D96C45-45D2-448F-932A-446BB87ABFEE}"
EndProject
Global
	GlobalSection(SolutionConfigurationPlatforms) = preSolution
		Debug|Any CPU = Debug|Any CPU
		Release|Any CPU = Release|Any CPU
	EndGlobalSection
	GlobalSection(ProjectConfigurationPlatforms) = postSolution
		{22D96C45-45D2-448F-932A-446BB87ABFEE}.Debug|Any CPU.ActiveCfg = Debug|Any CPU
		{22D96C45-45D2-448F-932A-446BB87ABFEE}.Debug|Any CPU.Build.0 = Debug|Any CPU
		{22D96C45-45D2-448F-932A-446BB87ABFEE}.Release|Any CPU.ActiveCfg = Release|Any CPU
		{22D96C45-45D2-448F-932A-446BB87ABFEE}.Release|Any CPU.Build.0 = Release|Any CPU
	EndGlobalSection
	GlobalSection(SolutionProperties) = preSolution
		HideSolutionNode = FALSE
	EndGlobalSection
	GlobalSection(ExtensibilityGlobals) = postSolution
		SolutionGuid = {367361E0-3C8E-48EE-BC0F-591DAB6321A8}
	EndGlobalSection
EndGlobal
